
Microsoft Visual Studio Solution File, Format Version 12.00
# Visual Studio 15
VisualStudioVersion = 15.0.28307.271
MinimumVisualStudioVersion = 10.0.40219.1
Project("{FAE04EC0-301F-11D3-BF4B-00C04F79EFBC}") = "COMP123-S2019-Lesson11C", "COMP123-S2019-Lesson11C\COMP123-S2019-Lesson11C.csproj", "{C222A507-FF01-482F-B74F-8593EA4C8ADA}"
EndProject
Global
	GlobalSection(SolutionConfigurationPlatforms) = preSolution
		Debug|Any CPU = Debug|Any CPU
		Release|Any CPU = Release|Any CPU
	EndGlobalSection
	GlobalSection(ProjectConfigurationPlatforms) = postSolution
		{C222A507-FF01-482F-B74F-8593EA4C8ADA}.Debug|Any CPU.ActiveCfg = Debug|Any CPU
		{C222A507-FF01-482F-B74F-8593EA4C8ADA}.Debug|Any CPU.Build.0 = Debug|Any CPU
		{C222A507-FF01-482F-B74F-8593EA4C8ADA}.Release|Any CPU.ActiveCfg = Release|Any CPU
		{C222A507-FF01-482F-B74F-8593EA4C8ADA}.Release|Any CPU.Build.0 = Release|Any CPU
	EndGlobalSection
	GlobalSection(SolutionProperties) = preSolution
		HideSolutionNode = FALSE
	EndGlobalSection
	GlobalSection(ExtensibilityGlobals) = postSolution
		SolutionGuid = {D1BCDA65-301C-4402-A4BE-C66F8C958DC9}
	EndGlobalSection
EndGlobal
